
Microsoft Visual Studio Solution File, Format Version 12.00
# Visual Studio 15
VisualStudioVersion = 15.0.28010.2036
MinimumVisualStudioVersion = 10.0.40219.1
Project("{FAE04EC0-301F-11D3-BF4B-00C04F79EFBC}") = "BaiThiAWD1", "BaiThiAWD1\BaiThiAWD1.csproj", "{B0866789-3F5B-49B0-B329-FB5A49FE199F}"
EndProject
Global
	GlobalSection(SolutionConfigurationPlatforms) = preSolution
		Debug|Any CPU = Debug|Any CPU
		Release|Any CPU = Release|Any CPU
	EndGlobalSection
	GlobalSection(ProjectConfigurationPlatforms) = postSolution
		{B0866789-3F5B-49B0-B329-FB5A49FE199F}.Debug|Any CPU.ActiveCfg = Debug|Any CPU
		{B0866789-3F5B-49B0-B329-FB5A49FE199F}.Debug|Any CPU.Build.0 = Debug|Any CPU
		{B0866789-3F5B-49B0-B329-FB5A49FE199F}.Release|Any CPU.ActiveCfg = Release|Any CPU
		{B0866789-3F5B-49B0-B329-FB5A49FE199F}.Release|Any CPU.Build.0 = Release|Any CPU
	EndGlobalSection
	GlobalSection(SolutionProperties) = preSolution
		HideSolutionNode = FALSE
	EndGlobalSection
	GlobalSection(ExtensibilityGlobals) = postSolution
		SolutionGuid = {81F84700-90DD-4ACE-A60F-6D51157B929F}
	EndGlobalSection
EndGlobal
